// !$*UTF8*$!
{
	archiveVersion = 1;
	classes = {
	};
	objectVersion = 56;
	objects = {

/* Begin PBXBuildFile section */
		5936FB830D73C6ED72C64673 /* Pods_modularized_module_b.framework in Frameworks */ = {isa = PBXBuildFile; fileRef = 4B53DE5D62B9FBAFEB7EC377 /* Pods_modularized_module_b.framework */; };
		698749F42969B50200AA3DD0 /* modularized_module_b.docc in Sources */ = {isa = PBXBuildFile; fileRef = 698749F32969B50200AA3DD0 /* modularized_module_b.docc */; };
		698749F52969B50200AA3DD0 /* modularized_module_b.h in Headers */ = {isa = PBXBuildFile; fileRef = 698749F22969B50200AA3DD0 /* modularized_module_b.h */; settings = {ATTRIBUTES = (Public, ); }; };
		69874A0A2969B63100AA3DD0 /* ModuleBViewController.swift in Sources */ = {isa = PBXBuildFile; fileRef = 69874A082969B63100AA3DD0 /* ModuleBViewController.swift */; };
		69874A0B2969B63100AA3DD0 /* ModuleBTableViewCell.swift in Sources */ = {isa = PBXBuildFile; fileRef = 69874A092969B63100AA3DD0 /* ModuleBTableViewCell.swift */; };
		69874A5B2969BE7700AA3DD0 /* modularized_shared_module.framework in Frameworks */ = {isa = PBXBuildFile; fileRef = 69874A5A2969BE7100AA3DD0 /* modularized_shared_module.framework */; };
		69874A5C2969BE7700AA3DD0 /* modularized_shared_module.framework in Embed Frameworks */ = {isa = PBXBuildFile; fileRef = 69874A5A2969BE7100AA3DD0 /* modularized_shared_module.framework */; settings = {ATTRIBUTES = (RemoveHeadersOnCopy, ); }; };
/* End PBXBuildFile section */

/* Begin PBXContainerItemProxy section */
		69874A592969BE7100AA3DD0 /* PBXContainerItemProxy */ = {
			isa = PBXContainerItemProxy;
			containerPortal = 69874A552969BE7100AA3DD0 /* modularized_shared_module.xcodeproj */;
			proxyType = 2;
			remoteGlobalIDString = 69874A332969BC9900AA3DD0;
			remoteInfo = modularized_shared_module;
		};
/* End PBXContainerItemProxy section */

/* Begin PBXCopyFilesBuildPhase section */
		69874A5D2969BE7700AA3DD0 /* Embed Frameworks */ = {
			isa = PBXCopyFilesBuildPhase;
			buildActionMask = 2147483647;
			dstPath = "";
			dstSubfolderSpec = 10;
			files = (
				69874A5C2969BE7700AA3DD0 /* modularized_shared_module.framework in Embed Frameworks */,
			);
			name = "Embed Frameworks";
			runOnlyForDeploymentPostprocessing = 0;
		};
/* End PBXCopyFilesBuildPhase section */

/* Begin PBXFileReference section */
		41CC12646DAC47EDEA4B3952 /* Pods-modularized_module_b.debug.xcconfig */ = {isa = PBXFileReference; includeInIndex = 1; lastKnownFileType = text.xcconfig; name = "Pods-modularized_module_b.debug.xcconfig"; path = "Target Support Files/Pods-modularized_module_b/Pods-modularized_module_b.debug.xcconfig"; sourceTree = "<group>"; };
		4B53DE5D62B9FBAFEB7EC377 /* Pods_modularized_module_b.framework */ = {isa = PBXFileReference; explicitFileType = wrapper.framework; includeInIndex = 0; path = Pods_modularized_module_b.framework; sourceTree = BUILT_PRODUCTS_DIR; };
		698749EF2969B50200AA3DD0 /* modularized_module_b.framework */ = {isa = PBXFileReference; explicitFileType = wrapper.framework; includeInIndex = 0; path = modularized_module_b.framework; sourceTree = BUILT_PRODUCTS_DIR; };
		698749F22969B50200AA3DD0 /* modularized_module_b.h */ = {isa = PBXFileReference; lastKnownFileType = sourcecode.c.h; path = modularized_module_b.h; sourceTree = "<group>"; };
		698749F32969B50200AA3DD0 /* modularized_module_b.docc */ = {isa = PBXFileReference; lastKnownFileType = folder.documentationcatalog; path = modularized_module_b.docc; sourceTree = "<group>"; };
		69874A082969B63100AA3DD0 /* ModuleBViewController.swift */ = {isa = PBXFileReference; fileEncoding = 4; lastKnownFileType = sourcecode.swift; path = ModuleBViewController.swift; sourceTree = "<group>"; };
		69874A092969B63100AA3DD0 /* ModuleBTableViewCell.swift */ = {isa = PBXFileReference; fileEncoding = 4; lastKnownFileType = sourcecode.swift; path = ModuleBTableViewCell.swift; sourceTree = "<group>"; };
		69874A552969BE7100AA3DD0 /* modularized_shared_module.xcodeproj */ = {isa = PBXFileReference; lastKnownFileType = "wrapper.pb-project"; name = modularized_shared_module.xcodeproj; path = ../../modularized_shared_module/modularized_shared_module.xcodeproj; sourceTree = "<group>"; };
		7813FE35D28C73F9B70CA6C2 /* Pods-modularized_module_b.release.xcconfig */ = {isa = PBXFileReference; includeInIndex = 1; lastKnownFileType = text.xcconfig; name = "Pods-modularized_module_b.release.xcconfig"; path = "Target Support Files/Pods-modularized_module_b/Pods-modularized_module_b.release.xcconfig"; sourceTree = "<group>"; };
/* End PBXFileReference section */

/* Begin PBXFrameworksBuildPhase section */
		698749EC2969B50200AA3DD0 /* Frameworks */ = {
			isa = PBXFrameworksBuildPhase;
			buildActionMask = 2147483647;
			files = (
				69874A5B2969BE7700AA3DD0 /* modularized_shared_module.framework in Frameworks */,
				5936FB830D73C6ED72C64673 /* Pods_modularized_module_b.framework in Frameworks */,
			);
			runOnlyForDeploymentPostprocessing = 0;
		};
/* End PBXFrameworksBuildPhase section */

/* Begin PBXGroup section */
		6584E452E98DD7945A9F61EE /* Pods */ = {
			isa = PBXGroup;
			children = (
				41CC12646DAC47EDEA4B3952 /* Pods-modularized_module_b.debug.xcconfig */,
				7813FE35D28C73F9B70CA6C2 /* Pods-modularized_module_b.release.xcconfig */,
			);
			name = Pods;
			path = ../Pods;
			sourceTree = "<group>";
		};
		698749E52969B50200AA3DD0 = {
			isa = PBXGroup;
			children = (
				698749F12969B50200AA3DD0 /* modularized_module_b */,
				698749F02969B50200AA3DD0 /* Products */,
				6584E452E98DD7945A9F61EE /* Pods */,
				C2F70E8CDCC9908E0F3D74F2 /* Frameworks */,
				69874A542969BE6600AA3DD0 /* Projects */,
			);
			sourceTree = "<group>";
		};
		698749F02969B50200AA3DD0 /* Products */ = {
			isa = PBXGroup;
			children = (
				698749EF2969B50200AA3DD0 /* modularized_module_b.framework */,
			);
			name = Products;
			sourceTree = "<group>";
		};
		698749F12969B50200AA3DD0 /* modularized_module_b */ = {
			isa = PBXGroup;
			children = (
				69874A052969B63100AA3DD0 /* Module B */,
				698749F22969B50200AA3DD0 /* modularized_module_b.h */,
				698749F32969B50200AA3DD0 /* modularized_module_b.docc */,
			);
			path = modularized_module_b;
			sourceTree = "<group>";
		};
		69874A052969B63100AA3DD0 /* Module B */ = {
			isa = PBXGroup;
			children = (
				69874A082969B63100AA3DD0 /* ModuleBViewController.swift */,
				69874A092969B63100AA3DD0 /* ModuleBTableViewCell.swift */,
			);
			path = "Module B";
			sourceTree = "<group>";
		};
		69874A542969BE6600AA3DD0 /* Projects */ = {
			isa = PBXGroup;
			children = (
				69874A552969BE7100AA3DD0 /* modularized_shared_module.xcodeproj */,
			);
			path = Projects;
			sourceTree = "<group>";
		};
		69874A562969BE7100AA3DD0 /* Products */ = {
			isa = PBXGroup;
			children = (
				69874A5A2969BE7100AA3DD0 /* modularized_shared_module.framework */,
			);
			name = Products;
			sourceTree = "<group>";
		};
		C2F70E8CDCC9908E0F3D74F2 /* Frameworks */ = {
			isa = PBXGroup;
			children = (
				4B53DE5D62B9FBAFEB7EC377 /* Pods_modularized_module_b.framework */,
			);
			name = Frameworks;
			sourceTree = "<group>";
		};
/* End PBXGroup section */

/* Begin PBXHeadersBuildPhase section */
		698749EA2969B50200AA3DD0 /* Headers */ = {
			isa = PBXHeadersBuildPhase;
			buildActionMask = 2147483647;
			files = (
				698749F52969B50200AA3DD0 /* modularized_module_b.h in Headers */,
			);
			runOnlyForDeploymentPostprocessing = 0;
		};
/* End PBXHeadersBuildPhase section */

/* Begin PBXNativeTarget section */
		698749EE2969B50200AA3DD0 /* modularized_module_b */ = {
			isa = PBXNativeTarget;
			buildConfigurationList = 698749F82969B50200AA3DD0 /* Build configuration list for PBXNativeTarget "modularized_module_b" */;
			buildPhases = (
				B07BEA62B01740E8AB401C08 /* [CP] Check Pods Manifest.lock */,
				698749EA2969B50200AA3DD0 /* Headers */,
				698749EB2969B50200AA3DD0 /* Sources */,
				698749EC2969B50200AA3DD0 /* Frameworks */,
				698749ED2969B50200AA3DD0 /* Resources */,
				69874A5D2969BE7700AA3DD0 /* Embed Frameworks */,
			);
			buildRules = (
			);
			dependencies = (
			);
			name = modularized_module_b;
			productName = modularization_module_b;
			productReference = 698749EF2969B50200AA3DD0 /* modularized_module_b.framework */;
			productType = "com.apple.product-type.framework";
		};
/* End PBXNativeTarget section */

/* Begin PBXProject section */
		698749E62969B50200AA3DD0 /* Project object */ = {
			isa = PBXProject;
			attributes = {
				BuildIndependentTargetsInParallel = 1;
				LastUpgradeCheck = 1420;
				TargetAttributes = {
					698749EE2969B50200AA3DD0 = {
						CreatedOnToolsVersion = 14.2;
					};
				};
			};
			buildConfigurationList = 698749E92969B50200AA3DD0 /* Build configuration list for PBXProject "modularized_module_b" */;
			compatibilityVersion = "Xcode 14.0";
			developmentRegion = en;
			hasScannedForEncodings = 0;
			knownRegions = (
				en,
				Base,
			);
			mainGroup = 698749E52969B50200AA3DD0;
			productRefGroup = 698749F02969B50200AA3DD0 /* Products */;
			projectDirPath = "";
			projectReferences = (
				{
					ProductGroup = 69874A562969BE7100AA3DD0 /* Products */;
					ProjectRef = 69874A552969BE7100AA3DD0 /* modularized_shared_module.xcodeproj */;
				},
			);
			projectRoot = "";
			targets = (
				698749EE2969B50200AA3DD0 /* modularized_module_b */,
			);
		};
/* End PBXProject section */

/* Begin PBXReferenceProxy section */
		69874A5A2969BE7100AA3DD0 /* modularized_shared_module.framework */ = {
			isa = PBXReferenceProxy;
			fileType = wrapper.framework;
			path = modularized_shared_module.framework;
			remoteRef = 69874A592969BE7100AA3DD0 /* PBXContainerItemProxy */;
			sourceTree = BUILT_PRODUCTS_DIR;
		};
/* End PBXReferenceProxy section */

/* Begin PBXResourcesBuildPhase section */
		698749ED2969B50200AA3DD0 /* Resources */ = {
			isa = PBXResourcesBuildPhase;
			buildActionMask = 2147483647;
			files = (
			);
			runOnlyForDeploymentPostprocessing = 0;
		};
/* End PBXResourcesBuildPhase section */

/* Begin PBXShellScriptBuildPhase section */
		B07BEA62B01740E8AB401C08 /* [CP] Check Pods Manifest.lock */ = {
			isa = PBXShellScriptBuildPhase;
			buildActionMask = 2147483647;
			files = (
			);
			inputFileListPaths = (
			);
			inputPaths = (
				"${PODS_PODFILE_DIR_PATH}/Podfile.lock",
				"${PODS_ROOT}/Manifest.lock",
			);
			name = "[CP] Check Pods Manifest.lock";
			outputFileListPaths = (
			);
			outputPaths = (
				"$(DERIVED_FILE_DIR)/Pods-modularized_module_b-checkManifestLockResult.txt",
			);
			runOnlyForDeploymentPostprocessing = 0;
			shellPath = /bin/sh;
			shellScript = "diff \"${PODS_PODFILE_DIR_PATH}/Podfile.lock\" \"${PODS_ROOT}/Manifest.lock\" > /dev/null\nif [ $? != 0 ] ; then\n    # print error to STDERR\n    echo \"error: The sandbox is not in sync with the Podfile.lock. Run 'pod install' or update your CocoaPods installation.\" >&2\n    exit 1\nfi\n# This output is used by Xcode 'outputs' to avoid re-running this script phase.\necho \"SUCCESS\" > \"${SCRIPT_OUTPUT_FILE_0}\"\n";
			showEnvVarsInLog = 0;
		};
/* End PBXShellScriptBuildPhase section */

/* Begin PBXSourcesBuildPhase section */
		698749EB2969B50200AA3DD0 /* Sources */ = {
			isa = PBXSourcesBuildPhase;
			buildActionMask = 2147483647;
			files = (
				698749F42969B50200AA3DD0 /* modularized_module_b.docc in Sources */,
				69874A0B2969B63100AA3DD0 /* ModuleBTableViewCell.swift in Sources */,
				69874A0A2969B63100AA3DD0 /* ModuleBViewController.swift in Sources */,
			);
			runOnlyForDeploymentPostprocessing = 0;
		};
/* End PBXSourcesBuildPhase section */

/* Begin XCBuildConfiguration section */
		698749F62969B50200AA3DD0 /* Debug */ = {
			isa = XCBuildConfiguration;
			buildSettings = {
				ALWAYS_SEARCH_USER_PATHS = NO;
				CLANG_ANALYZER_NONNULL = YES;
				CLANG_ANALYZER_NUMBER_OBJECT_CONVERSION = YES_AGGRESSIVE;
				CLANG_CXX_LANGUAGE_STANDARD = "gnu++20";
				CLANG_ENABLE_MODULES = YES;
				CLANG_ENABLE_OBJC_ARC = YES;
				CLANG_ENABLE_OBJC_WEAK = YES;
				CLANG_WARN_BLOCK_CAPTURE_AUTORELEASING = YES;
				CLANG_WARN_BOOL_CONVERSION = YES;
				CLANG_WARN_COMMA = YES;
				CLANG_WARN_CONSTANT_CONVERSION = YES;
				CLANG_WARN_DEPRECATED_OBJC_IMPLEMENTATIONS = YES;
				CLANG_WARN_DIRECT_OBJC_ISA_USAGE = YES_ERROR;
				CLANG_WARN_DOCUMENTATION_COMMENTS = YES;
				CLANG_WARN_EMPTY_BODY = YES;
				CLANG_WARN_ENUM_CONVERSION = YES;
				CLANG_WARN_INFINITE_RECURSION = YES;
				CLANG_WARN_INT_CONVERSION = YES;
				CLANG_WARN_NON_LITERAL_NULL_CONVERSION = YES;
				CLANG_WARN_OBJC_IMPLICIT_RETAIN_SELF = YES;
				CLANG_WARN_OBJC_LITERAL_CONVERSION = YES;
				CLANG_WARN_OBJC_ROOT_CLASS = YES_ERROR;
				CLANG_WARN_QUOTED_INCLUDE_IN_FRAMEWORK_HEADER = YES;
				CLANG_WARN_RANGE_LOOP_ANALYSIS = YES;
				CLANG_WARN_STRICT_PROTOTYPES = YES;
				CLANG_WARN_SUSPICIOUS_MOVE = YES;
				CLANG_WARN_UNGUARDED_AVAILABILITY = YES_AGGRESSIVE;
				CLANG_WARN_UNREACHABLE_CODE = YES;
				CLANG_WARN__DUPLICATE_METHOD_MATCH = YES;
				COPY_PHASE_STRIP = NO;
				CURRENT_PROJECT_VERSION = 1;
				DEBUG_INFORMATION_FORMAT = dwarf;
				ENABLE_STRICT_OBJC_MSGSEND = YES;
				ENABLE_TESTABILITY = YES;
				GCC_C_LANGUAGE_STANDARD = gnu11;
				GCC_DYNAMIC_NO_PIC = NO;
				GCC_NO_COMMON_BLOCKS = YES;
				GCC_OPTIMIZATION_LEVEL = 0;
				GCC_PREPROCESSOR_DEFINITIONS = (
					"DEBUG=1",
					"$(inherited)",
				);
				GCC_WARN_64_TO_32_BIT_CONVERSION = YES;
				GCC_WARN_ABOUT_RETURN_TYPE = YES_ERROR;
				GCC_WARN_UNDECLARED_SELECTOR = YES;
				GCC_WARN_UNINITIALIZED_AUTOS = YES_AGGRESSIVE;
				GCC_WARN_UNUSED_FUNCTION = YES;
				GCC_WARN_UNUSED_VARIABLE = YES;
				IPHONEOS_DEPLOYMENT_TARGET = 16.2;
				MTL_ENABLE_DEBUG_INFO = INCLUDE_SOURCE;
				MTL_FAST_MATH = YES;
				ONLY_ACTIVE_ARCH = YES;
				SDKROOT = iphoneos;
				SWIFT_ACTIVE_COMPILATION_CONDITIONS = DEBUG;
				SWIFT_OPTIMIZATION_LEVEL = "-Onone";
				VERSIONING_SYSTEM = "apple-generic";
				VERSION_INFO_PREFIX = "";
			};
			name = Debug;
		};
		698749F72969B50200AA3DD0 /* Release */ = {
			isa = XCBuildConfiguration;
			buildSettings = {
				ALWAYS_SEARCH_USER_PATHS = NO;
				CLANG_ANALYZER_NONNULL = YES;
				CLANG_ANALYZER_NUMBER_OBJECT_CONVERSION = YES_AGGRESSIVE;
				CLANG_CXX_LANGUAGE_STANDARD = "gnu++20";
				CLANG_ENABLE_MODULES = YES;
				CLANG_ENABLE_OBJC_ARC = YES;
				CLANG_ENABLE_OBJC_WEAK = YES;
				CLANG_WARN_BLOCK_CAPTURE_AUTORELEASING = YES;
				CLANG_WARN_BOOL_CONVERSION = YES;
				CLANG_WARN_COMMA = YES;
				CLANG_WARN_CONSTANT_CONVERSION = YES;
				CLANG_WARN_DEPRECATED_OBJC_IMPLEMENTATIONS = YES;
				CLANG_WARN_DIRECT_OBJC_ISA_USAGE = YES_ERROR;
				CLANG_WARN_DOCUMENTATION_COMMENTS = YES;
				CLANG_WARN_EMPTY_BODY = YES;
				CLANG_WARN_ENUM_CONVERSION = YES;
				CLANG_WARN_INFINITE_RECURSION = YES;
				CLANG_WARN_INT_CONVERSION = YES;
				CLANG_WARN_NON_LITERAL_NULL_CONVERSION = YES;
				CLANG_WARN_OBJC_IMPLICIT_RETAIN_SELF = YES;
				CLANG_WARN_OBJC_LITERAL_CONVERSION = YES;
				CLANG_WARN_OBJC_ROOT_CLASS = YES_ERROR;
				CLANG_WARN_QUOTED_INCLUDE_IN_FRAMEWORK_HEADER = YES;
				CLANG_WARN_RANGE_LOOP_ANALYSIS = YES;
				CLANG_WARN_STRICT_PROTOTYPES = YES;
				CLANG_WARN_SUSPICIOUS_MOVE = YES;
				CLANG_WARN_UNGUARDED_AVAILABILITY = YES_AGGRESSIVE;
				CLANG_WARN_UNREACHABLE_CODE = YES;
				CLANG_WARN__DUPLICATE_METHOD_MATCH = YES;
				COPY_PHASE_STRIP = NO;
				CURRENT_PROJECT_VERSION = 1;
				DEBUG_INFORMATION_FORMAT = "dwarf-with-dsym";
				ENABLE_NS_ASSERTIONS = NO;
				ENABLE_STRICT_OBJC_MSGSEND = YES;
				GCC_C_LANGUAGE_STANDARD = gnu11;
				GCC_NO_COMMON_BLOCKS = YES;
				GCC_WARN_64_TO_32_BIT_CONVERSION = YES;
				GCC_WARN_ABOUT_RETURN_TYPE = YES_ERROR;
				GCC_WARN_UNDECLARED_SELECTOR = YES;
				GCC_WARN_UNINITIALIZED_AUTOS = YES_AGGRESSIVE;
				GCC_WARN_UNUSED_FUNCTION = YES;
				GCC_WARN_UNUSED_VARIABLE = YES;
				IPHONEOS_DEPLOYMENT_TARGET = 16.2;
				MTL_ENABLE_DEBUG_INFO = NO;
				MTL_FAST_MATH = YES;
				SDKROOT = iphoneos;
				SWIFT_COMPILATION_MODE = wholemodule;
				SWIFT_OPTIMIZATION_LEVEL = "-O";
				VALIDATE_PRODUCT = YES;
				VERSIONING_SYSTEM = "apple-generic";
				VERSION_INFO_PREFIX = "";
			};
			name = Release;
		};
		698749F92969B50200AA3DD0 /* Debug */ = {
			isa = XCBuildConfiguration;
			baseConfigurationReference = 41CC12646DAC47EDEA4B3952 /* Pods-modularized_module_b.debug.xcconfig */;
			buildSettings = {
				CODE_SIGN_STYLE = Automatic;
				CURRENT_PROJECT_VERSION = 1;
				DEFINES_MODULE = YES;
				DEVELOPMENT_TEAM = SHL3H8FQ66;
				DYLIB_COMPATIBILITY_VERSION = 1;
				DYLIB_CURRENT_VERSION = 1;
				DYLIB_INSTALL_NAME_BASE = "@rpath";
				GENERATE_INFOPLIST_FILE = YES;
				INFOPLIST_KEY_NSHumanReadableCopyright = "";
				INSTALL_PATH = "$(LOCAL_LIBRARY_DIR)/Frameworks";
				LD_RUNPATH_SEARCH_PATHS = (
					"$(inherited)",
					"@executable_path/Frameworks",
					"@loader_path/Frameworks",
				);
				MARKETING_VERSION = 1.0;
				PRODUCT_BUNDLE_IDENTIFIER = "tech.aaleksieiev.modularization-module-b";
				PRODUCT_NAME = "$(TARGET_NAME:c99extidentifier)";
				SKIP_INSTALL = YES;
				SWIFT_EMIT_LOC_STRINGS = YES;
				SWIFT_VERSION = 5.0;
				TARGETED_DEVICE_FAMILY = "1,2";
			};
			name = Debug;
		};
		698749FA2969B50200AA3DD0 /* Release */ = {
			isa = XCBuildConfiguration;
			baseConfigurationReference = 7813FE35D28C73F9B70CA6C2 /* Pods-modularized_module_b.release.xcconfig */;
			buildSettings = {
				CODE_SIGN_STYLE = Automatic;
				CURRENT_PROJECT_VERSION = 1;
				DEFINES_MODULE = YES;
				DEVELOPMENT_TEAM = SHL3H8FQ66;
				DYLIB_COMPATIBILITY_VERSION = 1;
				DYLIB_CURRENT_VERSION = 1;
				DYLIB_INSTALL_NAME_BASE = "@rpath";
				GENERATE_INFOPLIST_FILE = YES;
				INFOPLIST_KEY_NSHumanReadableCopyright = "";
				INSTALL_PATH = "$(LOCAL_LIBRARY_DIR)/Frameworks";
				LD_RUNPATH_SEARCH_PATHS = (
					"$(inherited)",
					"@executable_path/Frameworks",
					"@loader_path/Frameworks",
				);
				MARKETING_VERSION = 1.0;
				PRODUCT_BUNDLE_IDENTIFIER = "tech.aaleksieiev.modularization-module-b";
				PRODUCT_NAME = "$(TARGET_NAME:c99extidentifier)";
				SKIP_INSTALL = YES;
				SWIFT_EMIT_LOC_STRINGS = YES;
				SWIFT_VERSION = 5.0;
				TARGETED_DEVICE_FAMILY = "1,2";
			};
			name = Release;
		};
/* End XCBuildConfiguration section */

/* Begin XCConfigurationList section */
		698749E92969B50200AA3DD0 /* Build configuration list for PBXProject "modularized_module_b" */ = {
			isa = XCConfigurationList;
			buildConfigurations = (
				698749F62969B50200AA3DD0 /* Debug */,
				698749F72969B50200AA3DD0 /* Release */,
			);
			defaultConfigurationIsVisible = 0;
			defaultConfigurationName = Release;
		};
		698749F82969B50200AA3DD0 /* Build configuration list for PBXNativeTarget "modularized_module_b" */ = {
			isa = XCConfigurationList;
			buildConfigurations = (
				698749F92969B50200AA3DD0 /* Debug */,
				698749FA2969B50200AA3DD0 /* Release */,
			);
			defaultConfigurationIsVisible = 0;
			defaultConfigurationName = Release;
		};
/* End XCConfigurationList section */
	};
	rootObject = 698749E62969B50200AA3DD0 /* Project object */;
}
